
Microsoft Visual Studio Solution File, Format Version 12.00
# Visual Studio Version 17
VisualStudioVersion = 17.7.34024.191
MinimumVisualStudioVersion = 10.0.40219.1
Project("{9A19103F-16F7-4668-BE54-9A1E7A4F7556}") = "Entities", "Entities\Entities.csproj", "{8CC83A88-8FCB-4F94-BBF3-2259225FB2F4}"
EndProject
Project("{9A19103F-16F7-4668-BE54-9A1E7A4F7556}") = "Repositories", "Repositories\Repositories.csproj", "{9A168608-E59C-43E0-B041-0349DFE90DCB}"
EndProject
Project("{9A19103F-16F7-4668-BE54-9A1E7A4F7556}") = "DataAccessObjects", "DataAccessObjects\DataAccessObjects.csproj", "{D57C610E-A8C9-4F74-87C7-DA7878CC12C9}"
EndProject
Project("{9A19103F-16F7-4668-BE54-9A1E7A4F7556}") = "Web_API", "Web_API\Web_API.csproj", "{8ADB769E-2C01-4434-823E-63561B50DCDC}"
EndProject
Global
	GlobalSection(SolutionConfigurationPlatforms) = preSolution
		Debug|Any CPU = Debug|Any CPU
		Release|Any CPU = Release|Any CPU
	EndGlobalSection
	GlobalSection(ProjectConfigurationPlatforms) = postSolution
		{8CC83A88-8FCB-4F94-BBF3-2259225FB2F4}.Debug|Any CPU.ActiveCfg = Debug|Any CPU
		{8CC83A88-8FCB-4F94-BBF3-2259225FB2F4}.Debug|Any CPU.Build.0 = Debug|Any CPU
		{8CC83A88-8FCB-4F94-BBF3-2259225FB2F4}.Release|Any CPU.ActiveCfg = Release|Any CPU
		{8CC83A88-8FCB-4F94-BBF3-2259225FB2F4}.Release|Any CPU.Build.0 = Release|Any CPU
		{9A168608-E59C-43E0-B041-0349DFE90DCB}.Debug|Any CPU.ActiveCfg = Debug|Any CPU
		{9A168608-E59C-43E0-B041-0349DFE90DCB}.Debug|Any CPU.Build.0 = Debug|Any CPU
		{9A168608-E59C-43E0-B041-0349DFE90DCB}.Release|Any CPU.ActiveCfg = Release|Any CPU
		{9A168608-E59C-43E0-B041-0349DFE90DCB}.Release|Any CPU.Build.0 = Release|Any CPU
		{D57C610E-A8C9-4F74-87C7-DA7878CC12C9}.Debug|Any CPU.ActiveCfg = Debug|Any CPU
		{D57C610E-A8C9-4F74-87C7-DA7878CC12C9}.Debug|Any CPU.Build.0 = Debug|Any CPU
		{D57C610E-A8C9-4F74-87C7-DA7878CC12C9}.Release|Any CPU.ActiveCfg = Release|Any CPU
		{D57C610E-A8C9-4F74-87C7-DA7878CC12C9}.Release|Any CPU.Build.0 = Release|Any CPU
		{8ADB769E-2C01-4434-823E-63561B50DCDC}.Debug|Any CPU.ActiveCfg = Debug|Any CPU
		{8ADB769E-2C01-4434-823E-63561B50DCDC}.Debug|Any CPU.Build.0 = Debug|Any CPU
		{8ADB769E-2C01-4434-823E-63561B50DCDC}.Release|Any CPU.ActiveCfg = Release|Any CPU
		{8ADB769E-2C01-4434-823E-63561B50DCDC}.Release|Any CPU.Build.0 = Release|Any CPU
	EndGlobalSection
	GlobalSection(SolutionProperties) = preSolution
		HideSolutionNode = FALSE
	EndGlobalSection
	GlobalSection(ExtensibilityGlobals) = postSolution
		SolutionGuid = {35292A7E-F89D-44BB-8AFF-115B9DBAF5DC}
	EndGlobalSection
EndGlobal
